{
  "originHash" : "5a30d76444e13d023ebc149be422d4b0d8d1791a6ae0d81674a288ea54bd8e06",
  "pins" : [
    {
      "identity" : "appuicomponentsspm",
      "kind" : "remoteSourceControl",
      "location" : "https://github.com/KirillSklyarov/AppUIComponentsSPM.git",
      "state" : {
        "branch" : "main",
        "revision" : "936b939f792728dfa54b3f16530faa4c4151d5ef"
      }
    },
    {
      "identity" : "skeletonview",
      "kind" : "remoteSourceControl",
      "location" : "https://github.com/Juanpe/SkeletonView.git",
      "state" : {
        "revision" : "2f5274827d310e32c09325dd3e0007120940988e",
        "version" : "1.31.0"
      }
    }
  ],
  "version" : 3
}
