{
  "originHash" : "8aa0d6fb0585c30fda017234c98757f39399ffbbb3e4f0bce5e8ad5373688d06",
  "pins" : [
    {
      "identity" : "skeletonview",
      "kind" : "remoteSourceControl",
      "location" : "https://github.com/Juanpe/SkeletonView.git",
      "state" : {
        "revision" : "d665d01469b4cb1b24db49689fe79317aa83024f",
        "version" : "1.7.0"
      }
    }
  ],
  "version" : 3
}
