{
  "originHash" : "7a73b19640b10ace09967bf74df4e2e22f629b5e4015b559d9991b38abe4fd18",
  "pins" : [
    {
      "identity" : "activityindicatorspm",
      "kind" : "remoteSourceControl",
      "location" : "https://github.com/KirillSklyarov/ActivityIndicatorSPM.git",
      "state" : {
        "branch" : "main",
        "revision" : "04fd7932331f9d8251eaeadd2e7d74c1c3dcb463"
      }
    },
    {
      "identity" : "skeletonview",
      "kind" : "remoteSourceControl",
      "location" : "https://github.com/Juanpe/SkeletonView.git",
      "state" : {
        "revision" : "2f5274827d310e32c09325dd3e0007120940988e",
        "version" : "1.31.0"
      }
    }
  ],
  "version" : 3
}
